
Microsoft Visual Studio Solution File, Format Version 12.00
# Visual Studio 15
VisualStudioVersion = 15.0.28010.2036
MinimumVisualStudioVersion = 10.0.40219.1
Project("{FAE04EC0-301F-11D3-BF4B-00C04F79EFBC}") = "Client", "Client\Client.csproj", "{A8A3F06E-96FD-437E-AC5D-D8E7A5B3599D}"
EndProject
Project("{2150E333-8FDC-42A3-9474-1A3956D46DE8}") = "clientAPI", "clientAPI", "{2920CB78-BBDD-4CEB-BE59-726436B5F33C}"
EndProject
Project("{2150E333-8FDC-42A3-9474-1A3956D46DE8}") = "BL", "BL", "{F208783E-9730-463E-A32D-60D7E70840CC}"
EndProject
Project("{FAE04EC0-301F-11D3-BF4B-00C04F79EFBC}") = "ServiceApplication", "ServiceApplication\ServiceApplication.csproj", "{E7710A4D-4B81-4671-A2DD-F5D797AC91FF}"
EndProject
Project("{2150E333-8FDC-42A3-9474-1A3956D46DE8}") = "DataAccessLayer", "DataAccessLayer", "{20FB9F57-9FBC-4D6A-AF3F-A8CBFD03156D}"
EndProject
Project("{FAE04EC0-301F-11D3-BF4B-00C04F79EFBC}") = "Repository", "Repository\Repository.csproj", "{30512C42-78B2-4FBC-A584-7803ED834457}"
EndProject
Project("{2150E333-8FDC-42A3-9474-1A3956D46DE8}") = "Models", "Models", "{3C8A4E7D-8495-41EF-8A60-91FCA8FA169D}"
EndProject
Project("{2150E333-8FDC-42A3-9474-1A3956D46DE8}") = "Tests", "Tests", "{AD3B2653-60D3-43F3-B471-115120CDACE5}"
EndProject
Project("{FAE04EC0-301F-11D3-BF4B-00C04F79EFBC}") = "ServiceTest", "ServiceTest\ServiceTest.csproj", "{D160415B-8812-4555-8796-2D82E3B645AF}"
EndProject
Project("{FAE04EC0-301F-11D3-BF4B-00C04F79EFBC}") = "SQLModel", "SQLModels\SQLModel.csproj", "{920D839A-7F5B-4464-AD95-0994AA934039}"
EndProject
Project("{FAE04EC0-301F-11D3-BF4B-00C04F79EFBC}") = "DomainModel", "DomainModel\DomainModel.csproj", "{CA69E0FB-FE9F-4B09-A189-7FACD015A0A1}"
EndProject
Project("{FAE04EC0-301F-11D3-BF4B-00C04F79EFBC}") = "ContractModel", "ContractModel\ContractModel.csproj", "{15353044-D139-4D23-AA2E-BD6D17FB4E9C}"
EndProject
Global
	GlobalSection(SolutionConfigurationPlatforms) = preSolution
		Debug|Any CPU = Debug|Any CPU
		Release|Any CPU = Release|Any CPU
	EndGlobalSection
	GlobalSection(ProjectConfigurationPlatforms) = postSolution
		{A8A3F06E-96FD-437E-AC5D-D8E7A5B3599D}.Debug|Any CPU.ActiveCfg = Debug|Any CPU
		{A8A3F06E-96FD-437E-AC5D-D8E7A5B3599D}.Debug|Any CPU.Build.0 = Debug|Any CPU
		{A8A3F06E-96FD-437E-AC5D-D8E7A5B3599D}.Release|Any CPU.ActiveCfg = Release|Any CPU
		{A8A3F06E-96FD-437E-AC5D-D8E7A5B3599D}.Release|Any CPU.Build.0 = Release|Any CPU
		{E7710A4D-4B81-4671-A2DD-F5D797AC91FF}.Debug|Any CPU.ActiveCfg = Debug|Any CPU
		{E7710A4D-4B81-4671-A2DD-F5D797AC91FF}.Debug|Any CPU.Build.0 = Debug|Any CPU
		{E7710A4D-4B81-4671-A2DD-F5D797AC91FF}.Release|Any CPU.ActiveCfg = Release|Any CPU
		{E7710A4D-4B81-4671-A2DD-F5D797AC91FF}.Release|Any CPU.Build.0 = Release|Any CPU
		{30512C42-78B2-4FBC-A584-7803ED834457}.Debug|Any CPU.ActiveCfg = Debug|Any CPU
		{30512C42-78B2-4FBC-A584-7803ED834457}.Debug|Any CPU.Build.0 = Debug|Any CPU
		{30512C42-78B2-4FBC-A584-7803ED834457}.Release|Any CPU.ActiveCfg = Release|Any CPU
		{30512C42-78B2-4FBC-A584-7803ED834457}.Release|Any CPU.Build.0 = Release|Any CPU
		{D160415B-8812-4555-8796-2D82E3B645AF}.Debug|Any CPU.ActiveCfg = Debug|Any CPU
		{D160415B-8812-4555-8796-2D82E3B645AF}.Debug|Any CPU.Build.0 = Debug|Any CPU
		{D160415B-8812-4555-8796-2D82E3B645AF}.Release|Any CPU.ActiveCfg = Release|Any CPU
		{D160415B-8812-4555-8796-2D82E3B645AF}.Release|Any CPU.Build.0 = Release|Any CPU
		{920D839A-7F5B-4464-AD95-0994AA934039}.Debug|Any CPU.ActiveCfg = Debug|Any CPU
		{920D839A-7F5B-4464-AD95-0994AA934039}.Debug|Any CPU.Build.0 = Debug|Any CPU
		{920D839A-7F5B-4464-AD95-0994AA934039}.Release|Any CPU.ActiveCfg = Release|Any CPU
		{920D839A-7F5B-4464-AD95-0994AA934039}.Release|Any CPU.Build.0 = Release|Any CPU
		{CA69E0FB-FE9F-4B09-A189-7FACD015A0A1}.Debug|Any CPU.ActiveCfg = Debug|Any CPU
		{CA69E0FB-FE9F-4B09-A189-7FACD015A0A1}.Debug|Any CPU.Build.0 = Debug|Any CPU
		{CA69E0FB-FE9F-4B09-A189-7FACD015A0A1}.Release|Any CPU.ActiveCfg = Release|Any CPU
		{CA69E0FB-FE9F-4B09-A189-7FACD015A0A1}.Release|Any CPU.Build.0 = Release|Any CPU
		{15353044-D139-4D23-AA2E-BD6D17FB4E9C}.Debug|Any CPU.ActiveCfg = Debug|Any CPU
		{15353044-D139-4D23-AA2E-BD6D17FB4E9C}.Debug|Any CPU.Build.0 = Debug|Any CPU
		{15353044-D139-4D23-AA2E-BD6D17FB4E9C}.Release|Any CPU.ActiveCfg = Release|Any CPU
		{15353044-D139-4D23-AA2E-BD6D17FB4E9C}.Release|Any CPU.Build.0 = Release|Any CPU
	EndGlobalSection
	GlobalSection(SolutionProperties) = preSolution
		HideSolutionNode = FALSE
	EndGlobalSection
	GlobalSection(NestedProjects) = preSolution
		{A8A3F06E-96FD-437E-AC5D-D8E7A5B3599D} = {2920CB78-BBDD-4CEB-BE59-726436B5F33C}
		{E7710A4D-4B81-4671-A2DD-F5D797AC91FF} = {F208783E-9730-463E-A32D-60D7E70840CC}
		{30512C42-78B2-4FBC-A584-7803ED834457} = {20FB9F57-9FBC-4D6A-AF3F-A8CBFD03156D}
		{D160415B-8812-4555-8796-2D82E3B645AF} = {AD3B2653-60D3-43F3-B471-115120CDACE5}
		{920D839A-7F5B-4464-AD95-0994AA934039} = {3C8A4E7D-8495-41EF-8A60-91FCA8FA169D}
		{CA69E0FB-FE9F-4B09-A189-7FACD015A0A1} = {3C8A4E7D-8495-41EF-8A60-91FCA8FA169D}
		{15353044-D139-4D23-AA2E-BD6D17FB4E9C} = {3C8A4E7D-8495-41EF-8A60-91FCA8FA169D}
	EndGlobalSection
	GlobalSection(ExtensibilityGlobals) = postSolution
		SolutionGuid = {39FF2D34-9AEF-460D-AE20-A0F7E1482D02}
	EndGlobalSection
EndGlobal
